// !$*UTF8*$!
{
	archiveVersion = 1;
	classes = {
	};
	objectVersion = 46;
	objects = {

/* Begin PBXBuildFile section */
		91E3E7F119888DA900E1985E /* Foundation.framework in Frameworks */ = {isa = PBXBuildFile; fileRef = 91E3E7F019888DA900E1985E /* Foundation.framework */; };
		91E3E7F319888DA900E1985E /* CoreGraphics.framework in Frameworks */ = {isa = PBXBuildFile; fileRef = 91E3E7F219888DA900E1985E /* CoreGraphics.framework */; };
		91E3E7F519888DA900E1985E /* UIKit.framework in Frameworks */ = {isa = PBXBuildFile; fileRef = 91E3E7F419888DA900E1985E /* UIKit.framework */; };
		91E3E7FB19888DA900E1985E /* InfoPlist.strings in Resources */ = {isa = PBXBuildFile; fileRef = 91E3E7F919888DA900E1985E /* InfoPlist.strings */; };
		91E3E7FD19888DA900E1985E /* main.m in Sources */ = {isa = PBXBuildFile; fileRef = 91E3E7FC19888DA900E1985E /* main.m */; };
		91E3E80119888DA900E1985E /* ZAppDelegate.m in Sources */ = {isa = PBXBuildFile; fileRef = 91E3E80019888DA900E1985E /* ZAppDelegate.m */; };
		91E3E80419888DA900E1985E /* Main_iPhone.storyboard in Resources */ = {isa = PBXBuildFile; fileRef = 91E3E80219888DA900E1985E /* Main_iPhone.storyboard */; };
		91E3E80719888DA900E1985E /* Main_iPad.storyboard in Resources */ = {isa = PBXBuildFile; fileRef = 91E3E80519888DA900E1985E /* Main_iPad.storyboard */; };
		91E3E80A19888DA900E1985E /* ZViewController.m in Sources */ = {isa = PBXBuildFile; fileRef = 91E3E80919888DA900E1985E /* ZViewController.m */; };
		91E3E80C19888DA900E1985E /* Images.xcassets in Resources */ = {isa = PBXBuildFile; fileRef = 91E3E80B19888DA900E1985E /* Images.xcassets */; };
		91E3E81319888DA900E1985E /* XCTest.framework in Frameworks */ = {isa = PBXBuildFile; fileRef = 91E3E81219888DA900E1985E /* XCTest.framework */; };
		91E3E81419888DA900E1985E /* Foundation.framework in Frameworks */ = {isa = PBXBuildFile; fileRef = 91E3E7F019888DA900E1985E /* Foundation.framework */; };
		91E3E81519888DA900E1985E /* UIKit.framework in Frameworks */ = {isa = PBXBuildFile; fileRef = 91E3E7F419888DA900E1985E /* UIKit.framework */; };
		91E3E81D19888DA900E1985E /* InfoPlist.strings in Resources */ = {isa = PBXBuildFile; fileRef = 91E3E81B19888DA900E1985E /* InfoPlist.strings */; };
		91E3E81F19888DA900E1985E /* ZScrollViewDemoTests.m in Sources */ = {isa = PBXBuildFile; fileRef = 91E3E81E19888DA900E1985E /* ZScrollViewDemoTests.m */; };
		91E3E82B19888DEC00E1985E /* ZIndicatorScrollView.m in Sources */ = {isa = PBXBuildFile; fileRef = 91E3E82A19888DEC00E1985E /* ZIndicatorScrollView.m */; };
/* End PBXBuildFile section */

/* Begin PBXContainerItemProxy section */
		91E3E81619888DA900E1985E /* PBXContainerItemProxy */ = {
			isa = PBXContainerItemProxy;
			containerPortal = 91E3E7E519888DA900E1985E /* Project object */;
			proxyType = 1;
			remoteGlobalIDString = 91E3E7EC19888DA900E1985E;
			remoteInfo = ZScrollViewDemo;
		};
/* End PBXContainerItemProxy section */

/* Begin PBXFileReference section */
		91E3E7ED19888DA900E1985E /* ZScrollViewDemo.app */ = {isa = PBXFileReference; explicitFileType = wrapper.application; includeInIndex = 0; path = ZScrollViewDemo.app; sourceTree = BUILT_PRODUCTS_DIR; };
		91E3E7F019888DA900E1985E /* Foundation.framework */ = {isa = PBXFileReference; lastKnownFileType = wrapper.framework; name = Foundation.framework; path = System/Library/Frameworks/Foundation.framework; sourceTree = SDKROOT; };
		91E3E7F219888DA900E1985E /* CoreGraphics.framework */ = {isa = PBXFileReference; lastKnownFileType = wrapper.framework; name = CoreGraphics.framework; path = System/Library/Frameworks/CoreGraphics.framework; sourceTree = SDKROOT; };
		91E3E7F419888DA900E1985E /* UIKit.framework */ = {isa = PBXFileReference; lastKnownFileType = wrapper.framework; name = UIKit.framework; path = System/Library/Frameworks/UIKit.framework; sourceTree = SDKROOT; };
		91E3E7F819888DA900E1985E /* ZScrollViewDemo-Info.plist */ = {isa = PBXFileReference; lastKnownFileType = text.plist.xml; path = "ZScrollViewDemo-Info.plist"; sourceTree = "<group>"; };
		91E3E7FA19888DA900E1985E /* en */ = {isa = PBXFileReference; lastKnownFileType = text.plist.strings; name = en; path = en.lproj/InfoPlist.strings; sourceTree = "<group>"; };
		91E3E7FC19888DA900E1985E /* main.m */ = {isa = PBXFileReference; lastKnownFileType = sourcecode.c.objc; path = main.m; sourceTree = "<group>"; };
		91E3E7FE19888DA900E1985E /* ZScrollViewDemo-Prefix.pch */ = {isa = PBXFileReference; lastKnownFileType = sourcecode.c.h; path = "ZScrollViewDemo-Prefix.pch"; sourceTree = "<group>"; };
		91E3E7FF19888DA900E1985E /* ZAppDelegate.h */ = {isa = PBXFileReference; lastKnownFileType = sourcecode.c.h; path = ZAppDelegate.h; sourceTree = "<group>"; };
		91E3E80019888DA900E1985E /* ZAppDelegate.m */ = {isa = PBXFileReference; lastKnownFileType = sourcecode.c.objc; path = ZAppDelegate.m; sourceTree = "<group>"; };
		91E3E80319888DA900E1985E /* Base */ = {isa = PBXFileReference; lastKnownFileType = file.storyboard; name = Base; path = Base.lproj/Main_iPhone.storyboard; sourceTree = "<group>"; };
		91E3E80619888DA900E1985E /* Base */ = {isa = PBXFileReference; lastKnownFileType = file.storyboard; name = Base; path = Base.lproj/Main_iPad.storyboard; sourceTree = "<group>"; };
		91E3E80819888DA900E1985E /* ZViewController.h */ = {isa = PBXFileReference; lastKnownFileType = sourcecode.c.h; path = ZViewController.h; sourceTree = "<group>"; };
		91E3E80919888DA900E1985E /* ZViewController.m */ = {isa = PBXFileReference; lastKnownFileType = sourcecode.c.objc; path = ZViewController.m; sourceTree = "<group>"; };
		91E3E80B19888DA900E1985E /* Images.xcassets */ = {isa = PBXFileReference; lastKnownFileType = folder.assetcatalog; path = Images.xcassets; sourceTree = "<group>"; };
		91E3E81119888DA900E1985E /* ZScrollViewDemoTests.xctest */ = {isa = PBXFileReference; explicitFileType = wrapper.cfbundle; includeInIndex = 0; path = ZScrollViewDemoTests.xctest; sourceTree = BUILT_PRODUCTS_DIR; };
		91E3E81219888DA900E1985E /* XCTest.framework */ = {isa = PBXFileReference; lastKnownFileType = wrapper.framework; name = XCTest.framework; path = Library/Frameworks/XCTest.framework; sourceTree = DEVELOPER_DIR; };
		91E3E81A19888DA900E1985E /* ZScrollViewDemoTests-Info.plist */ = {isa = PBXFileReference; lastKnownFileType = text.plist.xml; path = "ZScrollViewDemoTests-Info.plist"; sourceTree = "<group>"; };
		91E3E81C19888DA900E1985E /* en */ = {isa = PBXFileReference; lastKnownFileType = text.plist.strings; name = en; path = en.lproj/InfoPlist.strings; sourceTree = "<group>"; };
		91E3E81E19888DA900E1985E /* ZScrollViewDemoTests.m */ = {isa = PBXFileReference; lastKnownFileType = sourcecode.c.objc; path = ZScrollViewDemoTests.m; sourceTree = "<group>"; };
		91E3E82919888DEC00E1985E /* ZIndicatorScrollView.h */ = {isa = PBXFileReference; fileEncoding = 4; lastKnownFileType = sourcecode.c.h; path = ZIndicatorScrollView.h; sourceTree = "<group>"; };
		91E3E82A19888DEC00E1985E /* ZIndicatorScrollView.m */ = {isa = PBXFileReference; fileEncoding = 4; lastKnownFileType = sourcecode.c.objc; path = ZIndicatorScrollView.m; sourceTree = "<group>"; };
/* End PBXFileReference section */

/* Begin PBXFrameworksBuildPhase section */
		91E3E7EA19888DA900E1985E /* Frameworks */ = {
			isa = PBXFrameworksBuildPhase;
			buildActionMask = 2147483647;
			files = (
				91E3E7F319888DA900E1985E /* CoreGraphics.framework in Frameworks */,
				91E3E7F519888DA900E1985E /* UIKit.framework in Frameworks */,
				91E3E7F119888DA900E1985E /* Foundation.framework in Frameworks */,
			);
			runOnlyForDeploymentPostprocessing = 0;
		};
		91E3E80E19888DA900E1985E /* Frameworks */ = {
			isa = PBXFrameworksBuildPhase;
			buildActionMask = 2147483647;
			files = (
				91E3E81319888DA900E1985E /* XCTest.framework in Frameworks */,
				91E3E81519888DA900E1985E /* UIKit.framework in Frameworks */,
				91E3E81419888DA900E1985E /* Foundation.framework in Frameworks */,
			);
			runOnlyForDeploymentPostprocessing = 0;
		};
/* End PBXFrameworksBuildPhase section */

/* Begin PBXGroup section */
		91E3E7E419888DA900E1985E = {
			isa = PBXGroup;
			children = (
				91E3E82819888DBE00E1985E /* ZScrollView */,
				91E3E7F619888DA900E1985E /* ZScrollViewDemo */,
				91E3E81819888DA900E1985E /* ZScrollViewDemoTests */,
				91E3E7EF19888DA900E1985E /* Frameworks */,
				91E3E7EE19888DA900E1985E /* Products */,
			);
			sourceTree = "<group>";
		};
		91E3E7EE19888DA900E1985E /* Products */ = {
			isa = PBXGroup;
			children = (
				91E3E7ED19888DA900E1985E /* ZScrollViewDemo.app */,
				91E3E81119888DA900E1985E /* ZScrollViewDemoTests.xctest */,
			);
			name = Products;
			sourceTree = "<group>";
		};
		91E3E7EF19888DA900E1985E /* Frameworks */ = {
			isa = PBXGroup;
			children = (
				91E3E7F019888DA900E1985E /* Foundation.framework */,
				91E3E7F219888DA900E1985E /* CoreGraphics.framework */,
				91E3E7F419888DA900E1985E /* UIKit.framework */,
				91E3E81219888DA900E1985E /* XCTest.framework */,
			);
			name = Frameworks;
			sourceTree = "<group>";
		};
		91E3E7F619888DA900E1985E /* ZScrollViewDemo */ = {
			isa = PBXGroup;
			children = (
				91E3E7FF19888DA900E1985E /* ZAppDelegate.h */,
				91E3E80019888DA900E1985E /* ZAppDelegate.m */,
				91E3E80219888DA900E1985E /* Main_iPhone.storyboard */,
				91E3E80519888DA900E1985E /* Main_iPad.storyboard */,
				91E3E80819888DA900E1985E /* ZViewController.h */,
				91E3E80919888DA900E1985E /* ZViewController.m */,
				91E3E80B19888DA900E1985E /* Images.xcassets */,
				91E3E7F719888DA900E1985E /* Supporting Files */,
			);
			path = ZScrollViewDemo;
			sourceTree = "<group>";
		};
		91E3E7F719888DA900E1985E /* Supporting Files */ = {
			isa = PBXGroup;
			children = (
				91E3E7F819888DA900E1985E /* ZScrollViewDemo-Info.plist */,
				91E3E7F919888DA900E1985E /* InfoPlist.strings */,
				91E3E7FC19888DA900E1985E /* main.m */,
				91E3E7FE19888DA900E1985E /* ZScrollViewDemo-Prefix.pch */,
			);
			name = "Supporting Files";
			sourceTree = "<group>";
		};
		91E3E81819888DA900E1985E /* ZScrollViewDemoTests */ = {
			isa = PBXGroup;
			children = (
				91E3E81E19888DA900E1985E /* ZScrollViewDemoTests.m */,
				91E3E81919888DA900E1985E /* Supporting Files */,
			);
			path = ZScrollViewDemoTests;
			sourceTree = "<group>";
		};
		91E3E81919888DA900E1985E /* Supporting Files */ = {
			isa = PBXGroup;
			children = (
				91E3E81A19888DA900E1985E /* ZScrollViewDemoTests-Info.plist */,
				91E3E81B19888DA900E1985E /* InfoPlist.strings */,
			);
			name = "Supporting Files";
			sourceTree = "<group>";
		};
		91E3E82819888DBE00E1985E /* ZScrollView */ = {
			isa = PBXGroup;
			children = (
				91E3E82919888DEC00E1985E /* ZIndicatorScrollView.h */,
				91E3E82A19888DEC00E1985E /* ZIndicatorScrollView.m */,
			);
			path = ZScrollView;
			sourceTree = "<group>";
		};
/* End PBXGroup section */

/* Begin PBXNativeTarget section */
		91E3E7EC19888DA900E1985E /* ZScrollViewDemo */ = {
			isa = PBXNativeTarget;
			buildConfigurationList = 91E3E82219888DA900E1985E /* Build configuration list for PBXNativeTarget "ZScrollViewDemo" */;
			buildPhases = (
				91E3E7E919888DA900E1985E /* Sources */,
				91E3E7EA19888DA900E1985E /* Frameworks */,
				91E3E7EB19888DA900E1985E /* Resources */,
			);
			buildRules = (
			);
			dependencies = (
			);
			name = ZScrollViewDemo;
			productName = ZScrollViewDemo;
			productReference = 91E3E7ED19888DA900E1985E /* ZScrollViewDemo.app */;
			productType = "com.apple.product-type.application";
		};
		91E3E81019888DA900E1985E /* ZScrollViewDemoTests */ = {
			isa = PBXNativeTarget;
			buildConfigurationList = 91E3E82519888DA900E1985E /* Build configuration list for PBXNativeTarget "ZScrollViewDemoTests" */;
			buildPhases = (
				91E3E80D19888DA900E1985E /* Sources */,
				91E3E80E19888DA900E1985E /* Frameworks */,
				91E3E80F19888DA900E1985E /* Resources */,
			);
			buildRules = (
			);
			dependencies = (
				91E3E81719888DA900E1985E /* PBXTargetDependency */,
			);
			name = ZScrollViewDemoTests;
			productName = ZScrollViewDemoTests;
			productReference = 91E3E81119888DA900E1985E /* ZScrollViewDemoTests.xctest */;
			productType = "com.apple.product-type.bundle.unit-test";
		};
/* End PBXNativeTarget section */

/* Begin PBXProject section */
		91E3E7E519888DA900E1985E /* Project object */ = {
			isa = PBXProject;
			attributes = {
				CLASSPREFIX = Z;
				LastUpgradeCheck = 0510;
				ORGANIZATIONNAME = Zelic;
				TargetAttributes = {
					91E3E81019888DA900E1985E = {
						TestTargetID = 91E3E7EC19888DA900E1985E;
					};
				};
			};
			buildConfigurationList = 91E3E7E819888DA900E1985E /* Build configuration list for PBXProject "ZScrollViewDemo" */;
			compatibilityVersion = "Xcode 3.2";
			developmentRegion = English;
			hasScannedForEncodings = 0;
			knownRegions = (
				en,
				Base,
			);
			mainGroup = 91E3E7E419888DA900E1985E;
			productRefGroup = 91E3E7EE19888DA900E1985E /* Products */;
			projectDirPath = "";
			projectRoot = "";
			targets = (
				91E3E7EC19888DA900E1985E /* ZScrollViewDemo */,
				91E3E81019888DA900E1985E /* ZScrollViewDemoTests */,
			);
		};
/* End PBXProject section */

/* Begin PBXResourcesBuildPhase section */
		91E3E7EB19888DA900E1985E /* Resources */ = {
			isa = PBXResourcesBuildPhase;
			buildActionMask = 2147483647;
			files = (
				91E3E80719888DA900E1985E /* Main_iPad.storyboard in Resources */,
				91E3E80C19888DA900E1985E /* Images.xcassets in Resources */,
				91E3E80419888DA900E1985E /* Main_iPhone.storyboard in Resources */,
				91E3E7FB19888DA900E1985E /* InfoPlist.strings in Resources */,
			);
			runOnlyForDeploymentPostprocessing = 0;
		};
		91E3E80F19888DA900E1985E /* Resources */ = {
			isa = PBXResourcesBuildPhase;
			buildActionMask = 2147483647;
			files = (
				91E3E81D19888DA900E1985E /* InfoPlist.strings in Resources */,
			);
			runOnlyForDeploymentPostprocessing = 0;
		};
/* End PBXResourcesBuildPhase section */

/* Begin PBXSourcesBuildPhase section */
		91E3E7E919888DA900E1985E /* Sources */ = {
			isa = PBXSourcesBuildPhase;
			buildActionMask = 2147483647;
			files = (
				91E3E7FD19888DA900E1985E /* main.m in Sources */,
				91E3E80A19888DA900E1985E /* ZViewController.m in Sources */,
				91E3E82B19888DEC00E1985E /* ZIndicatorScrollView.m in Sources */,
				91E3E80119888DA900E1985E /* ZAppDelegate.m in Sources */,
			);
			runOnlyForDeploymentPostprocessing = 0;
		};
		91E3E80D19888DA900E1985E /* Sources */ = {
			isa = PBXSourcesBuildPhase;
			buildActionMask = 2147483647;
			files = (
				91E3E81F19888DA900E1985E /* ZScrollViewDemoTests.m in Sources */,
			);
			runOnlyForDeploymentPostprocessing = 0;
		};
/* End PBXSourcesBuildPhase section */

/* Begin PBXTargetDependency section */
		91E3E81719888DA900E1985E /* PBXTargetDependency */ = {
			isa = PBXTargetDependency;
			target = 91E3E7EC19888DA900E1985E /* ZScrollViewDemo */;
			targetProxy = 91E3E81619888DA900E1985E /* PBXContainerItemProxy */;
		};
/* End PBXTargetDependency section */

/* Begin PBXVariantGroup section */
		91E3E7F919888DA900E1985E /* InfoPlist.strings */ = {
			isa = PBXVariantGroup;
			children = (
				91E3E7FA19888DA900E1985E /* en */,
			);
			name = InfoPlist.strings;
			sourceTree = "<group>";
		};
		91E3E80219888DA900E1985E /* Main_iPhone.storyboard */ = {
			isa = PBXVariantGroup;
			children = (
				91E3E80319888DA900E1985E /* Base */,
			);
			name = Main_iPhone.storyboard;
			sourceTree = "<group>";
		};
		91E3E80519888DA900E1985E /* Main_iPad.storyboard */ = {
			isa = PBXVariantGroup;
			children = (
				91E3E80619888DA900E1985E /* Base */,
			);
			name = Main_iPad.storyboard;
			sourceTree = "<group>";
		};
		91E3E81B19888DA900E1985E /* InfoPlist.strings */ = {
			isa = PBXVariantGroup;
			children = (
				91E3E81C19888DA900E1985E /* en */,
			);
			name = InfoPlist.strings;
			sourceTree = "<group>";
		};
/* End PBXVariantGroup section */

/* Begin XCBuildConfiguration section */
		91E3E82019888DA900E1985E /* Debug */ = {
			isa = XCBuildConfiguration;
			buildSettings = {
				ALWAYS_SEARCH_USER_PATHS = NO;
				CLANG_CXX_LANGUAGE_STANDARD = "gnu++0x";
				CLANG_CXX_LIBRARY = "libc++";
				CLANG_ENABLE_MODULES = YES;
				CLANG_ENABLE_OBJC_ARC = YES;
				CLANG_WARN_BOOL_CONVERSION = YES;
				CLANG_WARN_CONSTANT_CONVERSION = YES;
				CLANG_WARN_DIRECT_OBJC_ISA_USAGE = YES_ERROR;
				CLANG_WARN_EMPTY_BODY = YES;
				CLANG_WARN_ENUM_CONVERSION = YES;
				CLANG_WARN_INT_CONVERSION = YES;
				CLANG_WARN_OBJC_ROOT_CLASS = YES_ERROR;
				CLANG_WARN__DUPLICATE_METHOD_MATCH = YES;
				"CODE_SIGN_IDENTITY[sdk=iphoneos*]" = "iPhone Developer";
				COPY_PHASE_STRIP = NO;
				GCC_C_LANGUAGE_STANDARD = gnu99;
				GCC_DYNAMIC_NO_PIC = NO;
				GCC_OPTIMIZATION_LEVEL = 0;
				GCC_PREPROCESSOR_DEFINITIONS = (
					"DEBUG=1",
					"$(inherited)",
				);
				GCC_SYMBOLS_PRIVATE_EXTERN = NO;
				GCC_WARN_64_TO_32_BIT_CONVERSION = YES;
				GCC_WARN_ABOUT_RETURN_TYPE = YES_ERROR;
				GCC_WARN_UNDECLARED_SELECTOR = YES;
				GCC_WARN_UNINITIALIZED_AUTOS = YES_AGGRESSIVE;
				GCC_WARN_UNUSED_FUNCTION = YES;
				GCC_WARN_UNUSED_VARIABLE = YES;
				IPHONEOS_DEPLOYMENT_TARGET = 7.1;
				ONLY_ACTIVE_ARCH = YES;
				SDKROOT = iphoneos;
				TARGETED_DEVICE_FAMILY = "1,2";
			};
			name = Debug;
		};
		91E3E82119888DA900E1985E /* Release */ = {
			isa = XCBuildConfiguration;
			buildSettings = {
				ALWAYS_SEARCH_USER_PATHS = NO;
				CLANG_CXX_LANGUAGE_STANDARD = "gnu++0x";
				CLANG_CXX_LIBRARY = "libc++";
				CLANG_ENABLE_MODULES = YES;
				CLANG_ENABLE_OBJC_ARC = YES;
				CLANG_WARN_BOOL_CONVERSION = YES;
				CLANG_WARN_CONSTANT_CONVERSION = YES;
				CLANG_WARN_DIRECT_OBJC_ISA_USAGE = YES_ERROR;
				CLANG_WARN_EMPTY_BODY = YES;
				CLANG_WARN_ENUM_CONVERSION = YES;
				CLANG_WARN_INT_CONVERSION = YES;
				CLANG_WARN_OBJC_ROOT_CLASS = YES_ERROR;
				CLANG_WARN__DUPLICATE_METHOD_MATCH = YES;
				"CODE_SIGN_IDENTITY[sdk=iphoneos*]" = "iPhone Developer";
				COPY_PHASE_STRIP = YES;
				ENABLE_NS_ASSERTIONS = NO;
				GCC_C_LANGUAGE_STANDARD = gnu99;
				GCC_WARN_64_TO_32_BIT_CONVERSION = YES;
				GCC_WARN_ABOUT_RETURN_TYPE = YES_ERROR;
				GCC_WARN_UNDECLARED_SELECTOR = YES;
				GCC_WARN_UNINITIALIZED_AUTOS = YES_AGGRESSIVE;
				GCC_WARN_UNUSED_FUNCTION = YES;
				GCC_WARN_UNUSED_VARIABLE = YES;
				IPHONEOS_DEPLOYMENT_TARGET = 7.1;
				SDKROOT = iphoneos;
				TARGETED_DEVICE_FAMILY = "1,2";
				VALIDATE_PRODUCT = YES;
			};
			name = Release;
		};
		91E3E82319888DA900E1985E /* Debug */ = {
			isa = XCBuildConfiguration;
			buildSettings = {
				ASSETCATALOG_COMPILER_APPICON_NAME = AppIcon;
				ASSETCATALOG_COMPILER_LAUNCHIMAGE_NAME = LaunchImage;
				GCC_PRECOMPILE_PREFIX_HEADER = YES;
				GCC_PREFIX_HEADER = "ZScrollViewDemo/ZScrollViewDemo-Prefix.pch";
				INFOPLIST_FILE = "ZScrollViewDemo/ZScrollViewDemo-Info.plist";
				PRODUCT_NAME = "$(TARGET_NAME)";
				WRAPPER_EXTENSION = app;
			};
			name = Debug;
		};
		91E3E82419888DA900E1985E /* Release */ = {
			isa = XCBuildConfiguration;
			buildSettings = {
				ASSETCATALOG_COMPILER_APPICON_NAME = AppIcon;
				ASSETCATALOG_COMPILER_LAUNCHIMAGE_NAME = LaunchImage;
				GCC_PRECOMPILE_PREFIX_HEADER = YES;
				GCC_PREFIX_HEADER = "ZScrollViewDemo/ZScrollViewDemo-Prefix.pch";
				INFOPLIST_FILE = "ZScrollViewDemo/ZScrollViewDemo-Info.plist";
				PRODUCT_NAME = "$(TARGET_NAME)";
				WRAPPER_EXTENSION = app;
			};
			name = Release;
		};
		91E3E82619888DA900E1985E /* Debug */ = {
			isa = XCBuildConfiguration;
			buildSettings = {
				BUNDLE_LOADER = "$(BUILT_PRODUCTS_DIR)/ZScrollViewDemo.app/ZScrollViewDemo";
				FRAMEWORK_SEARCH_PATHS = (
					"$(SDKROOT)/Developer/Library/Frameworks",
					"$(inherited)",
					"$(DEVELOPER_FRAMEWORKS_DIR)",
				);
				GCC_PRECOMPILE_PREFIX_HEADER = YES;
				GCC_PREFIX_HEADER = "ZScrollViewDemo/ZScrollViewDemo-Prefix.pch";
				GCC_PREPROCESSOR_DEFINITIONS = (
					"DEBUG=1",
					"$(inherited)",
				);
				INFOPLIST_FILE = "ZScrollViewDemoTests/ZScrollViewDemoTests-Info.plist";
				PRODUCT_NAME = "$(TARGET_NAME)";
				TEST_HOST = "$(BUNDLE_LOADER)";
				WRAPPER_EXTENSION = xctest;
			};
			name = Debug;
		};
		91E3E82719888DA900E1985E /* Release */ = {
			isa = XCBuildConfiguration;
			buildSettings = {
				BUNDLE_LOADER = "$(BUILT_PRODUCTS_DIR)/ZScrollViewDemo.app/ZScrollViewDemo";
				FRAMEWORK_SEARCH_PATHS = (
					"$(SDKROOT)/Developer/Library/Frameworks",
					"$(inherited)",
					"$(DEVELOPER_FRAMEWORKS_DIR)",
				);
				GCC_PRECOMPILE_PREFIX_HEADER = YES;
				GCC_PREFIX_HEADER = "ZScrollViewDemo/ZScrollViewDemo-Prefix.pch";
				INFOPLIST_FILE = "ZScrollViewDemoTests/ZScrollViewDemoTests-Info.plist";
				PRODUCT_NAME = "$(TARGET_NAME)";
				TEST_HOST = "$(BUNDLE_LOADER)";
				WRAPPER_EXTENSION = xctest;
			};
			name = Release;
		};
/* End XCBuildConfiguration section */

/* Begin XCConfigurationList section */
		91E3E7E819888DA900E1985E /* Build configuration list for PBXProject "ZScrollViewDemo" */ = {
			isa = XCConfigurationList;
			buildConfigurations = (
				91E3E82019888DA900E1985E /* Debug */,
				91E3E82119888DA900E1985E /* Release */,
			);
			defaultConfigurationIsVisible = 0;
			defaultConfigurationName = Release;
		};
		91E3E82219888DA900E1985E /* Build configuration list for PBXNativeTarget "ZScrollViewDemo" */ = {
			isa = XCConfigurationList;
			buildConfigurations = (
				91E3E82319888DA900E1985E /* Debug */,
				91E3E82419888DA900E1985E /* Release */,
			);
			defaultConfigurationIsVisible = 0;
		};
		91E3E82519888DA900E1985E /* Build configuration list for PBXNativeTarget "ZScrollViewDemoTests" */ = {
			isa = XCConfigurationList;
			buildConfigurations = (
				91E3E82619888DA900E1985E /* Debug */,
				91E3E82719888DA900E1985E /* Release */,
			);
			defaultConfigurationIsVisible = 0;
		};
/* End XCConfigurationList section */
	};
	rootObject = 91E3E7E519888DA900E1985E /* Project object */;
}
